// !$*UTF8*$!
{
	archiveVersion = 1;
	classes = {
	};
	objectVersion = 48;
	objects = {

/* Begin PBXBuildFile section */
		D626FF4F1FBA6DFD00EE4487 /* libIdentityCore iOS.a in Frameworks */ = {isa = PBXBuildFile; fileRef = D68FB4871FBA698A005308BB /* libIdentityCore iOS.a */; };
		D626FF561FBA6E4500EE4487 /* MSIDCommonCacheTests.m in Sources */ = {isa = PBXBuildFile; fileRef = D626FF551FBA6E4500EE4487 /* MSIDCommonCacheTests.m */; };
		D626FF6D1FBA6EDF00EE4487 /* libIdentityCore Mac.a in Frameworks */ = {isa = PBXBuildFile; fileRef = D626FF5B1FBA6E9500EE4487 /* libIdentityCore Mac.a */; };
		D626FF731FBA710300EE4487 /* MSIDCommonCacheTests.m in Sources */ = {isa = PBXBuildFile; fileRef = D626FF551FBA6E4500EE4487 /* MSIDCommonCacheTests.m */; };
		D626FF741FBA710900EE4487 /* MSIDCommonCache.m in Sources */ = {isa = PBXBuildFile; fileRef = D6DA89751FBA6A74004C56C7 /* MSIDCommonCache.m */; };
		D6DA89761FBA6A74004C56C7 /* MSIDCommonCache.m in Sources */ = {isa = PBXBuildFile; fileRef = D6DA89751FBA6A74004C56C7 /* MSIDCommonCache.m */; };
/* End PBXBuildFile section */

/* Begin PBXContainerItemProxy section */
		D626FF501FBA6DFD00EE4487 /* PBXContainerItemProxy */ = {
			isa = PBXContainerItemProxy;
			containerPortal = D68FB47F1FBA698A005308BB /* Project object */;
			proxyType = 1;
			remoteGlobalIDString = D68FB4861FBA698A005308BB;
			remoteInfo = IdentityCore;
		};
		D626FF6E1FBA6EDF00EE4487 /* PBXContainerItemProxy */ = {
			isa = PBXContainerItemProxy;
			containerPortal = D68FB47F1FBA698A005308BB /* Project object */;
			proxyType = 1;
			remoteGlobalIDString = D626FF5A1FBA6E9500EE4487;
			remoteInfo = "IdentityCore Mac";
		};
/* End PBXContainerItemProxy section */

/* Begin PBXCopyFilesBuildPhase section */
		D68FB4851FBA698A005308BB /* CopyFiles */ = {
			isa = PBXCopyFilesBuildPhase;
			buildActionMask = 2147483647;
			dstPath = "include/$(PRODUCT_NAME)";
			dstSubfolderSpec = 16;
			files = (
			);
			runOnlyForDeploymentPostprocessing = 0;
		};
/* End PBXCopyFilesBuildPhase section */

/* Begin PBXFileReference section */
		D626FF4A1FBA6DFC00EE4487 /* IdentityCoreTests iOS.xctest */ = {isa = PBXFileReference; explicitFileType = wrapper.cfbundle; includeInIndex = 0; path = "IdentityCoreTests iOS.xctest"; sourceTree = BUILT_PRODUCTS_DIR; };
		D626FF551FBA6E4500EE4487 /* MSIDCommonCacheTests.m */ = {isa = PBXFileReference; fileEncoding = 4; lastKnownFileType = sourcecode.c.objc; path = MSIDCommonCacheTests.m; sourceTree = "<group>"; };
		D626FF5B1FBA6E9500EE4487 /* libIdentityCore Mac.a */ = {isa = PBXFileReference; explicitFileType = archive.ar; includeInIndex = 0; path = "libIdentityCore Mac.a"; sourceTree = BUILT_PRODUCTS_DIR; };
		D626FF681FBA6EDF00EE4487 /* IdentityCoreTests Mac.xctest */ = {isa = PBXFileReference; explicitFileType = wrapper.cfbundle; includeInIndex = 0; path = "IdentityCoreTests Mac.xctest"; sourceTree = BUILT_PRODUCTS_DIR; };
		D68FB4871FBA698A005308BB /* libIdentityCore iOS.a */ = {isa = PBXFileReference; explicitFileType = archive.ar; includeInIndex = 0; path = "libIdentityCore iOS.a"; sourceTree = BUILT_PRODUCTS_DIR; };
		D6DA89741FBA6A74004C56C7 /* MSIDCommonCache.h */ = {isa = PBXFileReference; lastKnownFileType = sourcecode.c.h; path = MSIDCommonCache.h; sourceTree = "<group>"; };
		D6DA89751FBA6A74004C56C7 /* MSIDCommonCache.m */ = {isa = PBXFileReference; lastKnownFileType = sourcecode.c.objc; path = MSIDCommonCache.m; sourceTree = "<group>"; };
/* End PBXFileReference section */

/* Begin PBXFrameworksBuildPhase section */
		D626FF471FBA6DFC00EE4487 /* Frameworks */ = {
			isa = PBXFrameworksBuildPhase;
			buildActionMask = 2147483647;
			files = (
				D626FF4F1FBA6DFD00EE4487 /* libIdentityCore iOS.a in Frameworks */,
			);
			runOnlyForDeploymentPostprocessing = 0;
		};
		D626FF581FBA6E9500EE4487 /* Frameworks */ = {
			isa = PBXFrameworksBuildPhase;
			buildActionMask = 2147483647;
			files = (
			);
			runOnlyForDeploymentPostprocessing = 0;
		};
		D626FF651FBA6EDF00EE4487 /* Frameworks */ = {
			isa = PBXFrameworksBuildPhase;
			buildActionMask = 2147483647;
			files = (
				D626FF6D1FBA6EDF00EE4487 /* libIdentityCore Mac.a in Frameworks */,
			);
			runOnlyForDeploymentPostprocessing = 0;
		};
		D68FB4841FBA698A005308BB /* Frameworks */ = {
			isa = PBXFrameworksBuildPhase;
			buildActionMask = 2147483647;
			files = (
			);
			runOnlyForDeploymentPostprocessing = 0;
		};
/* End PBXFrameworksBuildPhase section */

/* Begin PBXGroup section */
		D68FB47E1FBA698A005308BB = {
			isa = PBXGroup;
			children = (
				D6DA89721FBA6A4E004C56C7 /* src */,
				D6DA89711FBA6A4E004C56C7 /* resources */,
				D6DA89731FBA6A4E004C56C7 /* tests */,
				D68FB4881FBA698A005308BB /* Products */,
			);
			sourceTree = "<group>";
		};
		D68FB4881FBA698A005308BB /* Products */ = {
			isa = PBXGroup;
			children = (
				D68FB4871FBA698A005308BB /* libIdentityCore iOS.a */,
				D626FF4A1FBA6DFC00EE4487 /* IdentityCoreTests iOS.xctest */,
				D626FF5B1FBA6E9500EE4487 /* libIdentityCore Mac.a */,
				D626FF681FBA6EDF00EE4487 /* IdentityCoreTests Mac.xctest */,
			);
			name = Products;
			sourceTree = "<group>";
		};
		D6DA89711FBA6A4E004C56C7 /* resources */ = {
			isa = PBXGroup;
			children = (
			);
			path = resources;
			sourceTree = "<group>";
		};
		D6DA89721FBA6A4E004C56C7 /* src */ = {
			isa = PBXGroup;
			children = (
				D6DA89741FBA6A74004C56C7 /* MSIDCommonCache.h */,
				D6DA89751FBA6A74004C56C7 /* MSIDCommonCache.m */,
			);
			path = src;
			sourceTree = "<group>";
		};
		D6DA89731FBA6A4E004C56C7 /* tests */ = {
			isa = PBXGroup;
			children = (
				D626FF551FBA6E4500EE4487 /* MSIDCommonCacheTests.m */,
			);
			path = tests;
			sourceTree = "<group>";
		};
/* End PBXGroup section */

/* Begin PBXHeadersBuildPhase section */
		D626FF591FBA6E9500EE4487 /* Headers */ = {
			isa = PBXHeadersBuildPhase;
			buildActionMask = 2147483647;
			files = (
			);
			runOnlyForDeploymentPostprocessing = 0;
		};
/* End PBXHeadersBuildPhase section */

/* Begin PBXNativeTarget section */
		D626FF491FBA6DFC00EE4487 /* IdentityCoreTests iOS */ = {
			isa = PBXNativeTarget;
			buildConfigurationList = D626FF541FBA6DFD00EE4487 /* Build configuration list for PBXNativeTarget "IdentityCoreTests iOS" */;
			buildPhases = (
				D626FF461FBA6DFC00EE4487 /* Sources */,
				D626FF471FBA6DFC00EE4487 /* Frameworks */,
				D626FF481FBA6DFC00EE4487 /* Resources */,
			);
			buildRules = (
			);
			dependencies = (
				D626FF511FBA6DFD00EE4487 /* PBXTargetDependency */,
			);
			name = "IdentityCoreTests iOS";
			productName = IdentityCoreTests;
			productReference = D626FF4A1FBA6DFC00EE4487 /* IdentityCoreTests iOS.xctest */;
			productType = "com.apple.product-type.bundle.unit-test";
		};
		D626FF5A1FBA6E9500EE4487 /* IdentityCore Mac */ = {
			isa = PBXNativeTarget;
			buildConfigurationList = D626FF611FBA6E9500EE4487 /* Build configuration list for PBXNativeTarget "IdentityCore Mac" */;
			buildPhases = (
				D626FF571FBA6E9500EE4487 /* Sources */,
				D626FF581FBA6E9500EE4487 /* Frameworks */,
				D626FF591FBA6E9500EE4487 /* Headers */,
			);
			buildRules = (
			);
			dependencies = (
			);
			name = "IdentityCore Mac";
			productName = IdentityCoreMac;
			productReference = D626FF5B1FBA6E9500EE4487 /* libIdentityCore Mac.a */;
			productType = "com.apple.product-type.library.static";
		};
		D626FF671FBA6EDF00EE4487 /* IdentityCoreTests Mac */ = {
			isa = PBXNativeTarget;
			buildConfigurationList = D626FF701FBA6EDF00EE4487 /* Build configuration list for PBXNativeTarget "IdentityCoreTests Mac" */;
			buildPhases = (
				D626FF641FBA6EDF00EE4487 /* Sources */,
				D626FF651FBA6EDF00EE4487 /* Frameworks */,
				D626FF661FBA6EDF00EE4487 /* Resources */,
			);
			buildRules = (
			);
			dependencies = (
				D626FF6F1FBA6EDF00EE4487 /* PBXTargetDependency */,
			);
			name = "IdentityCoreTests Mac";
			productName = IdentityCoreTests;
			productReference = D626FF681FBA6EDF00EE4487 /* IdentityCoreTests Mac.xctest */;
			productType = "com.apple.product-type.bundle.unit-test";
		};
		D68FB4861FBA698A005308BB /* IdentityCore iOS */ = {
			isa = PBXNativeTarget;
			buildConfigurationList = D68FB4901FBA698A005308BB /* Build configuration list for PBXNativeTarget "IdentityCore iOS" */;
			buildPhases = (
				D68FB4831FBA698A005308BB /* Sources */,
				D68FB4841FBA698A005308BB /* Frameworks */,
				D68FB4851FBA698A005308BB /* CopyFiles */,
			);
			buildRules = (
			);
			dependencies = (
			);
			name = "IdentityCore iOS";
			productName = IdentityCore;
			productReference = D68FB4871FBA698A005308BB /* libIdentityCore iOS.a */;
			productType = "com.apple.product-type.library.static";
		};
/* End PBXNativeTarget section */

/* Begin PBXProject section */
		D68FB47F1FBA698A005308BB /* Project object */ = {
			isa = PBXProject;
			attributes = {
				CLASSPREFIX = MSID;
				LastUpgradeCheck = 0910;
				ORGANIZATIONNAME = Microsoft;
				TargetAttributes = {
					D626FF491FBA6DFC00EE4487 = {
						CreatedOnToolsVersion = 9.1;
						ProvisioningStyle = Automatic;
					};
					D626FF5A1FBA6E9500EE4487 = {
						CreatedOnToolsVersion = 9.1;
						ProvisioningStyle = Automatic;
					};
					D626FF671FBA6EDF00EE4487 = {
						CreatedOnToolsVersion = 9.1;
						ProvisioningStyle = Automatic;
					};
					D68FB4861FBA698A005308BB = {
						CreatedOnToolsVersion = 9.1;
						ProvisioningStyle = Automatic;
					};
				};
			};
			buildConfigurationList = D68FB4821FBA698A005308BB /* Build configuration list for PBXProject "IdentityCore" */;
			compatibilityVersion = "Xcode 8.0";
			developmentRegion = en;
			hasScannedForEncodings = 0;
			knownRegions = (
				en,
			);
			mainGroup = D68FB47E1FBA698A005308BB;
			productRefGroup = D68FB4881FBA698A005308BB /* Products */;
			projectDirPath = "";
			projectRoot = "";
			targets = (
				D68FB4861FBA698A005308BB /* IdentityCore iOS */,
				D626FF5A1FBA6E9500EE4487 /* IdentityCore Mac */,
				D626FF491FBA6DFC00EE4487 /* IdentityCoreTests iOS */,
				D626FF671FBA6EDF00EE4487 /* IdentityCoreTests Mac */,
			);
		};
/* End PBXProject section */

/* Begin PBXResourcesBuildPhase section */
		D626FF481FBA6DFC00EE4487 /* Resources */ = {
			isa = PBXResourcesBuildPhase;
			buildActionMask = 2147483647;
			files = (
			);
			runOnlyForDeploymentPostprocessing = 0;
		};
		D626FF661FBA6EDF00EE4487 /* Resources */ = {
			isa = PBXResourcesBuildPhase;
			buildActionMask = 2147483647;
			files = (
			);
			runOnlyForDeploymentPostprocessing = 0;
		};
/* End PBXResourcesBuildPhase section */

/* Begin PBXSourcesBuildPhase section */
		D626FF461FBA6DFC00EE4487 /* Sources */ = {
			isa = PBXSourcesBuildPhase;
			buildActionMask = 2147483647;
			files = (
				D626FF561FBA6E4500EE4487 /* MSIDCommonCacheTests.m in Sources */,
			);
			runOnlyForDeploymentPostprocessing = 0;
		};
		D626FF571FBA6E9500EE4487 /* Sources */ = {
			isa = PBXSourcesBuildPhase;
			buildActionMask = 2147483647;
			files = (
				D626FF741FBA710900EE4487 /* MSIDCommonCache.m in Sources */,
			);
			runOnlyForDeploymentPostprocessing = 0;
		};
		D626FF641FBA6EDF00EE4487 /* Sources */ = {
			isa = PBXSourcesBuildPhase;
			buildActionMask = 2147483647;
			files = (
				D626FF731FBA710300EE4487 /* MSIDCommonCacheTests.m in Sources */,
			);
			runOnlyForDeploymentPostprocessing = 0;
		};
		D68FB4831FBA698A005308BB /* Sources */ = {
			isa = PBXSourcesBuildPhase;
			buildActionMask = 2147483647;
			files = (
				D6DA89761FBA6A74004C56C7 /* MSIDCommonCache.m in Sources */,
			);
			runOnlyForDeploymentPostprocessing = 0;
		};
/* End PBXSourcesBuildPhase section */

/* Begin PBXTargetDependency section */
		D626FF511FBA6DFD00EE4487 /* PBXTargetDependency */ = {
			isa = PBXTargetDependency;
			target = D68FB4861FBA698A005308BB /* IdentityCore iOS */;
			targetProxy = D626FF501FBA6DFD00EE4487 /* PBXContainerItemProxy */;
		};
		D626FF6F1FBA6EDF00EE4487 /* PBXTargetDependency */ = {
			isa = PBXTargetDependency;
			target = D626FF5A1FBA6E9500EE4487 /* IdentityCore Mac */;
			targetProxy = D626FF6E1FBA6EDF00EE4487 /* PBXContainerItemProxy */;
		};
/* End PBXTargetDependency section */

/* Begin XCBuildConfiguration section */
		D626FF521FBA6DFD00EE4487 /* Debug */ = {
			isa = XCBuildConfiguration;
			buildSettings = {
				CODE_SIGN_STYLE = Automatic;
				DEVELOPMENT_TEAM = UBF8T346G9;
				INFOPLIST_FILE = tests/ios/Info.plist;
				LD_RUNPATH_SEARCH_PATHS = "$(inherited) @executable_path/Frameworks @loader_path/Frameworks";
				PRODUCT_BUNDLE_IDENTIFIER = com.microsoft.IdentityCoreTests;
				PRODUCT_NAME = "$(TARGET_NAME)";
				TARGETED_DEVICE_FAMILY = "1,2";
			};
			name = Debug;
		};
		D626FF531FBA6DFD00EE4487 /* Release */ = {
			isa = XCBuildConfiguration;
			buildSettings = {
				CODE_SIGN_STYLE = Automatic;
				DEVELOPMENT_TEAM = UBF8T346G9;
				INFOPLIST_FILE = tests/ios/Info.plist;
				LD_RUNPATH_SEARCH_PATHS = "$(inherited) @executable_path/Frameworks @loader_path/Frameworks";
				PRODUCT_BUNDLE_IDENTIFIER = com.microsoft.IdentityCoreTests;
				PRODUCT_NAME = "$(TARGET_NAME)";
				TARGETED_DEVICE_FAMILY = "1,2";
			};
			name = Release;
		};
		D626FF621FBA6E9500EE4487 /* Debug */ = {
			isa = XCBuildConfiguration;
			buildSettings = {
				CODE_SIGN_IDENTITY = "Mac Developer";
				CODE_SIGN_STYLE = Automatic;
				DEVELOPMENT_TEAM = UBF8T346G9;
				EXECUTABLE_PREFIX = lib;
				MACOSX_DEPLOYMENT_TARGET = 10.13;
				PRODUCT_NAME = "$(TARGET_NAME)";
				SDKROOT = macosx;
			};
			name = Debug;
		};
		D626FF631FBA6E9500EE4487 /* Release */ = {
			isa = XCBuildConfiguration;
			buildSettings = {
				CODE_SIGN_IDENTITY = "Mac Developer";
				CODE_SIGN_STYLE = Automatic;
				DEVELOPMENT_TEAM = UBF8T346G9;
				EXECUTABLE_PREFIX = lib;
				MACOSX_DEPLOYMENT_TARGET = 10.13;
				PRODUCT_NAME = "$(TARGET_NAME)";
				SDKROOT = macosx;
			};
			name = Release;
		};
		D626FF711FBA6EDF00EE4487 /* Debug */ = {
			isa = XCBuildConfiguration;
			buildSettings = {
				CODE_SIGN_IDENTITY = "Mac Developer";
				CODE_SIGN_STYLE = Automatic;
				COMBINE_HIDPI_IMAGES = YES;
				DEVELOPMENT_TEAM = UBF8T346G9;
				INFOPLIST_FILE = tests/mac/Info.plist;
				LD_RUNPATH_SEARCH_PATHS = "$(inherited) @executable_path/../Frameworks @loader_path/../Frameworks";
				MACOSX_DEPLOYMENT_TARGET = 10.13;
				PRODUCT_BUNDLE_IDENTIFIER = com.microsoft.IdentityCoreTests;
				PRODUCT_NAME = "$(TARGET_NAME)";
				SDKROOT = macosx;
			};
			name = Debug;
		};
		D626FF721FBA6EDF00EE4487 /* Release */ = {
			isa = XCBuildConfiguration;
			buildSettings = {
				CODE_SIGN_IDENTITY = "Mac Developer";
				CODE_SIGN_STYLE = Automatic;
				COMBINE_HIDPI_IMAGES = YES;
				DEVELOPMENT_TEAM = UBF8T346G9;
				INFOPLIST_FILE = tests/mac/Info.plist;
				LD_RUNPATH_SEARCH_PATHS = "$(inherited) @executable_path/../Frameworks @loader_path/../Frameworks";
				MACOSX_DEPLOYMENT_TARGET = 10.13;
				PRODUCT_BUNDLE_IDENTIFIER = com.microsoft.IdentityCoreTests;
				PRODUCT_NAME = "$(TARGET_NAME)";
				SDKROOT = macosx;
			};
			name = Release;
		};
		D68FB48E1FBA698A005308BB /* Debug */ = {
			isa = XCBuildConfiguration;
			buildSettings = {
				ALWAYS_SEARCH_USER_PATHS = NO;
				CLANG_ANALYZER_NONNULL = YES;
				CLANG_ANALYZER_NUMBER_OBJECT_CONVERSION = YES_AGGRESSIVE;
				CLANG_CXX_LANGUAGE_STANDARD = "gnu++14";
				CLANG_CXX_LIBRARY = "libc++";
				CLANG_ENABLE_MODULES = YES;
				CLANG_ENABLE_OBJC_ARC = YES;
				CLANG_WARN_BLOCK_CAPTURE_AUTORELEASING = YES;
				CLANG_WARN_BOOL_CONVERSION = YES;
				CLANG_WARN_COMMA = YES;
				CLANG_WARN_CONSTANT_CONVERSION = YES;
				CLANG_WARN_DIRECT_OBJC_ISA_USAGE = YES_ERROR;
				CLANG_WARN_DOCUMENTATION_COMMENTS = YES;
				CLANG_WARN_EMPTY_BODY = YES;
				CLANG_WARN_ENUM_CONVERSION = YES;
				CLANG_WARN_INFINITE_RECURSION = YES;
				CLANG_WARN_INT_CONVERSION = YES;
				CLANG_WARN_NON_LITERAL_NULL_CONVERSION = YES;
				CLANG_WARN_OBJC_LITERAL_CONVERSION = YES;
				CLANG_WARN_OBJC_ROOT_CLASS = YES_ERROR;
				CLANG_WARN_RANGE_LOOP_ANALYSIS = YES;
				CLANG_WARN_STRICT_PROTOTYPES = YES;
				CLANG_WARN_SUSPICIOUS_MOVE = YES;
				CLANG_WARN_UNGUARDED_AVAILABILITY = YES_AGGRESSIVE;
				CLANG_WARN_UNREACHABLE_CODE = YES;
				CLANG_WARN__DUPLICATE_METHOD_MATCH = YES;
				CODE_SIGN_IDENTITY = "iPhone Developer";
				COPY_PHASE_STRIP = NO;
				DEBUG_INFORMATION_FORMAT = dwarf;
				ENABLE_STRICT_OBJC_MSGSEND = YES;
				ENABLE_TESTABILITY = YES;
				GCC_C_LANGUAGE_STANDARD = gnu11;
				GCC_DYNAMIC_NO_PIC = NO;
				GCC_NO_COMMON_BLOCKS = YES;
				GCC_OPTIMIZATION_LEVEL = 0;
				GCC_PREPROCESSOR_DEFINITIONS = (
					"DEBUG=1",
					"$(inherited)",
				);
				GCC_WARN_64_TO_32_BIT_CONVERSION = YES;
				GCC_WARN_ABOUT_RETURN_TYPE = YES_ERROR;
				GCC_WARN_UNDECLARED_SELECTOR = YES;
				GCC_WARN_UNINITIALIZED_AUTOS = YES_AGGRESSIVE;
				GCC_WARN_UNUSED_FUNCTION = YES;
				GCC_WARN_UNUSED_VARIABLE = YES;
				IPHONEOS_DEPLOYMENT_TARGET = 11.1;
				MTL_ENABLE_DEBUG_INFO = YES;
				ONLY_ACTIVE_ARCH = YES;
				SDKROOT = iphoneos;
			};
			name = Debug;
		};
		D68FB48F1FBA698A005308BB /* Release */ = {
			isa = XCBuildConfiguration;
			buildSettings = {
				ALWAYS_SEARCH_USER_PATHS = NO;
				CLANG_ANALYZER_NONNULL = YES;
				CLANG_ANALYZER_NUMBER_OBJECT_CONVERSION = YES_AGGRESSIVE;
				CLANG_CXX_LANGUAGE_STANDARD = "gnu++14";
				CLANG_CXX_LIBRARY = "libc++";
				CLANG_ENABLE_MODULES = YES;
				CLANG_ENABLE_OBJC_ARC = YES;
				CLANG_WARN_BLOCK_CAPTURE_AUTORELEASING = YES;
				CLANG_WARN_BOOL_CONVERSION = YES;
				CLANG_WARN_COMMA = YES;
				CLANG_WARN_CONSTANT_CONVERSION = YES;
				CLANG_WARN_DIRECT_OBJC_ISA_USAGE = YES_ERROR;
				CLANG_WARN_DOCUMENTATION_COMMENTS = YES;
				CLANG_WARN_EMPTY_BODY = YES;
				CLANG_WARN_ENUM_CONVERSION = YES;
				CLANG_WARN_INFINITE_RECURSION = YES;
				CLANG_WARN_INT_CONVERSION = YES;
				CLANG_WARN_NON_LITERAL_NULL_CONVERSION = YES;
				CLANG_WARN_OBJC_LITERAL_CONVERSION = YES;
				CLANG_WARN_OBJC_ROOT_CLASS = YES_ERROR;
				CLANG_WARN_RANGE_LOOP_ANALYSIS = YES;
				CLANG_WARN_STRICT_PROTOTYPES = YES;
				CLANG_WARN_SUSPICIOUS_MOVE = YES;
				CLANG_WARN_UNGUARDED_AVAILABILITY = YES_AGGRESSIVE;
				CLANG_WARN_UNREACHABLE_CODE = YES;
				CLANG_WARN__DUPLICATE_METHOD_MATCH = YES;
				CODE_SIGN_IDENTITY = "iPhone Developer";
				COPY_PHASE_STRIP = NO;
				DEBUG_INFORMATION_FORMAT = "dwarf-with-dsym";
				ENABLE_NS_ASSERTIONS = NO;
				ENABLE_STRICT_OBJC_MSGSEND = YES;
				GCC_C_LANGUAGE_STANDARD = gnu11;
				GCC_NO_COMMON_BLOCKS = YES;
				GCC_WARN_64_TO_32_BIT_CONVERSION = YES;
				GCC_WARN_ABOUT_RETURN_TYPE = YES_ERROR;
				GCC_WARN_UNDECLARED_SELECTOR = YES;
				GCC_WARN_UNINITIALIZED_AUTOS = YES_AGGRESSIVE;
				GCC_WARN_UNUSED_FUNCTION = YES;
				GCC_WARN_UNUSED_VARIABLE = YES;
				IPHONEOS_DEPLOYMENT_TARGET = 11.1;
				MTL_ENABLE_DEBUG_INFO = NO;
				SDKROOT = iphoneos;
				VALIDATE_PRODUCT = YES;
			};
			name = Release;
		};
		D68FB4911FBA698A005308BB /* Debug */ = {
			isa = XCBuildConfiguration;
			buildSettings = {
				CODE_SIGN_STYLE = Automatic;
				DEVELOPMENT_TEAM = UBF8T346G9;
				OTHER_LDFLAGS = "-ObjC";
				PRODUCT_NAME = "$(TARGET_NAME)";
				SKIP_INSTALL = YES;
				TARGETED_DEVICE_FAMILY = "1,2";
			};
			name = Debug;
		};
		D68FB4921FBA698A005308BB /* Release */ = {
			isa = XCBuildConfiguration;
			buildSettings = {
				CODE_SIGN_STYLE = Automatic;
				DEVELOPMENT_TEAM = UBF8T346G9;
				OTHER_LDFLAGS = "-ObjC";
				PRODUCT_NAME = "$(TARGET_NAME)";
				SKIP_INSTALL = YES;
				TARGETED_DEVICE_FAMILY = "1,2";
			};
			name = Release;
		};
/* End XCBuildConfiguration section */

/* Begin XCConfigurationList section */
		D626FF541FBA6DFD00EE4487 /* Build configuration list for PBXNativeTarget "IdentityCoreTests iOS" */ = {
			isa = XCConfigurationList;
			buildConfigurations = (
				D626FF521FBA6DFD00EE4487 /* Debug */,
				D626FF531FBA6DFD00EE4487 /* Release */,
			);
			defaultConfigurationIsVisible = 0;
			defaultConfigurationName = Release;
		};
		D626FF611FBA6E9500EE4487 /* Build configuration list for PBXNativeTarget "IdentityCore Mac" */ = {
			isa = XCConfigurationList;
			buildConfigurations = (
				D626FF621FBA6E9500EE4487 /* Debug */,
				D626FF631FBA6E9500EE4487 /* Release */,
			);
			defaultConfigurationIsVisible = 0;
			defaultConfigurationName = Release;
		};
		D626FF701FBA6EDF00EE4487 /* Build configuration list for PBXNativeTarget "IdentityCoreTests Mac" */ = {
			isa = XCConfigurationList;
			buildConfigurations = (
				D626FF711FBA6EDF00EE4487 /* Debug */,
				D626FF721FBA6EDF00EE4487 /* Release */,
			);
			defaultConfigurationIsVisible = 0;
			defaultConfigurationName = Release;
		};
		D68FB4821FBA698A005308BB /* Build configuration list for PBXProject "IdentityCore" */ = {
			isa = XCConfigurationList;
			buildConfigurations = (
				D68FB48E1FBA698A005308BB /* Debug */,
				D68FB48F1FBA698A005308BB /* Release */,
			);
			defaultConfigurationIsVisible = 0;
			defaultConfigurationName = Release;
		};
		D68FB4901FBA698A005308BB /* Build configuration list for PBXNativeTarget "IdentityCore iOS" */ = {
			isa = XCConfigurationList;
			buildConfigurations = (
				D68FB4911FBA698A005308BB /* Debug */,
				D68FB4921FBA698A005308BB /* Release */,
			);
			defaultConfigurationIsVisible = 0;
			defaultConfigurationName = Release;
		};
/* End XCConfigurationList section */
	};
	rootObject = D68FB47F1FBA698A005308BB /* Project object */;
}
